Microsoft Visual Studio Solution File, Format Version 11.00
# Visual Studio 2008

Project("{21CA5BF7-4028-855A-E1B6-07CCC1F4EB5C}") = "Ouroboros_Puzzle_Game", "Assembly-CSharp.csproj", "{4816254F-4557-5E43-8785-8DD47284D1E2}"
EndProject
Global
	GlobalSection(SolutionConfigurationPlatforms) = preSolution
		Debug|Any CPU = Debug|Any CPU
		Release|Any CPU = Release|Any CPU
	EndGlobalSection
	GlobalSection(ProjectConfigurationPlatforms) = postSolution
		{4816254F-4557-5E43-8785-8DD47284D1E2}.Debug|Any CPU.ActiveCfg = Debug|Any CPU
		{4816254F-4557-5E43-8785-8DD47284D1E2}.Debug|Any CPU.Build.0 = Debug|Any CPU
		{4816254F-4557-5E43-8785-8DD47284D1E2}.Release|Any CPU.ActiveCfg = Release|Any CPU
		{4816254F-4557-5E43-8785-8DD47284D1E2}.Release|Any CPU.Build.0 = Release|Any CPU
	EndGlobalSection
	GlobalSection(SolutionProperties) = preSolution
		HideSolutionNode = FALSE
	EndGlobalSection
	
EndGlobal
